
Microsoft Visual Studio Solution File, Format Version 12.00
# Visual Studio Version 16
VisualStudioVersion = 16.0.30711.63
MinimumVisualStudioVersion = 10.0.40219.1
Project("{FAE04EC0-301F-11D3-BF4B-00C04F79EFBC}") = "Turbo.az", "Turbo.az\Turbo.az.csproj", "{0BB56C52-87A6-4796-AC29-F50C0E984AC3}"
EndProject
Global
	GlobalSection(SolutionConfigurationPlatforms) = preSolution
		Debug|Any CPU = Debug|Any CPU
		Release|Any CPU = Release|Any CPU
	EndGlobalSection
	GlobalSection(ProjectConfigurationPlatforms) = postSolution
		{0BB56C52-87A6-4796-AC29-F50C0E984AC3}.Debug|Any CPU.ActiveCfg = Debug|Any CPU
		{0BB56C52-87A6-4796-AC29-F50C0E984AC3}.Debug|Any CPU.Build.0 = Debug|Any CPU
		{0BB56C52-87A6-4796-AC29-F50C0E984AC3}.Release|Any CPU.ActiveCfg = Release|Any CPU
		{0BB56C52-87A6-4796-AC29-F50C0E984AC3}.Release|Any CPU.Build.0 = Release|Any CPU
	EndGlobalSection
	GlobalSection(SolutionProperties) = preSolution
		HideSolutionNode = FALSE
	EndGlobalSection
	GlobalSection(ExtensibilityGlobals) = postSolution
		SolutionGuid = {6D9790F4-7820-43C7-8AE2-6CB9F8AD77EB}
	EndGlobalSection
EndGlobal
